
Microsoft Visual Studio Solution File, Format Version 12.00
# Visual Studio Version 16
VisualStudioVersion = 16.0.31424.327
MinimumVisualStudioVersion = 10.0.40219.1
Project("{FAE04EC0-301F-11D3-BF4B-00C04F79EFBC}") = "Core.Test", "Core.Test\Core.Test.csproj", "{B4DF6B58-72CD-404B-83F0-0CE466C56D8C}"
EndProject
Project("{FAE04EC0-301F-11D3-BF4B-00C04F79EFBC}") = "DataLayer.FakeDatabase.Test", "DataLayer.FakeDatabase.Test\DataLayer.FakeDatabase.Test.csproj", "{077DAB9A-8EEA-4756-9945-5D6829A5B056}"
EndProject
Project("{FAE04EC0-301F-11D3-BF4B-00C04F79EFBC}") = "Services.FakeService.Test", "Services.FakeService.Test\Services.FakeService.Test.csproj", "{172BAFA5-E957-467B-82CB-A456C7B90AE5}"
EndProject
Global
	GlobalSection(SolutionConfigurationPlatforms) = preSolution
		Debug|Any CPU = Debug|Any CPU
		Release|Any CPU = Release|Any CPU
	EndGlobalSection
	GlobalSection(ProjectConfigurationPlatforms) = postSolution
		{B4DF6B58-72CD-404B-83F0-0CE466C56D8C}.Debug|Any CPU.ActiveCfg = Debug|Any CPU
		{B4DF6B58-72CD-404B-83F0-0CE466C56D8C}.Debug|Any CPU.Build.0 = Debug|Any CPU
		{B4DF6B58-72CD-404B-83F0-0CE466C56D8C}.Release|Any CPU.ActiveCfg = Release|Any CPU
		{B4DF6B58-72CD-404B-83F0-0CE466C56D8C}.Release|Any CPU.Build.0 = Release|Any CPU
		{077DAB9A-8EEA-4756-9945-5D6829A5B056}.Debug|Any CPU.ActiveCfg = Debug|Any CPU
		{077DAB9A-8EEA-4756-9945-5D6829A5B056}.Debug|Any CPU.Build.0 = Debug|Any CPU
		{077DAB9A-8EEA-4756-9945-5D6829A5B056}.Release|Any CPU.ActiveCfg = Release|Any CPU
		{077DAB9A-8EEA-4756-9945-5D6829A5B056}.Release|Any CPU.Build.0 = Release|Any CPU
		{172BAFA5-E957-467B-82CB-A456C7B90AE5}.Debug|Any CPU.ActiveCfg = Debug|Any CPU
		{172BAFA5-E957-467B-82CB-A456C7B90AE5}.Debug|Any CPU.Build.0 = Debug|Any CPU
		{172BAFA5-E957-467B-82CB-A456C7B90AE5}.Release|Any CPU.ActiveCfg = Release|Any CPU
		{172BAFA5-E957-467B-82CB-A456C7B90AE5}.Release|Any CPU.Build.0 = Release|Any CPU
	EndGlobalSection
	GlobalSection(SolutionProperties) = preSolution
		HideSolutionNode = FALSE
	EndGlobalSection
	GlobalSection(ExtensibilityGlobals) = postSolution
		SolutionGuid = {D08CB235-8D6F-4E29-B9B3-8EF40EDA5957}
	EndGlobalSection
EndGlobal
