
Microsoft Visual Studio Solution File, Format Version 12.00
# Visual Studio Version 16
VisualStudioVersion = 16.0.31424.327
MinimumVisualStudioVersion = 10.0.40219.1
Project("{9A19103F-16F7-4668-BE54-9A1E7A4F7556}") = "Core", "Core\Core.csproj", "{CC8B24C8-4699-48F7-8B2B-08813F27815B}"
EndProject
Project("{FAE04EC0-301F-11D3-BF4B-00C04F79EFBC}") = "DataLayer.FakeDatabase", "DataLayer.FakeDatabase\DataLayer.FakeDatabase.csproj", "{A5D6077A-269A-43FA-97CC-81AB2FA323CF}"
EndProject
Global
	GlobalSection(SolutionConfigurationPlatforms) = preSolution
		Debug|Any CPU = Debug|Any CPU
		Release|Any CPU = Release|Any CPU
	EndGlobalSection
	GlobalSection(ProjectConfigurationPlatforms) = postSolution
		{CC8B24C8-4699-48F7-8B2B-08813F27815B}.Debug|Any CPU.ActiveCfg = Debug|Any CPU
		{CC8B24C8-4699-48F7-8B2B-08813F27815B}.Debug|Any CPU.Build.0 = Debug|Any CPU
		{CC8B24C8-4699-48F7-8B2B-08813F27815B}.Release|Any CPU.ActiveCfg = Release|Any CPU
		{CC8B24C8-4699-48F7-8B2B-08813F27815B}.Release|Any CPU.Build.0 = Release|Any CPU
		{A5D6077A-269A-43FA-97CC-81AB2FA323CF}.Debug|Any CPU.ActiveCfg = Debug|Any CPU
		{A5D6077A-269A-43FA-97CC-81AB2FA323CF}.Debug|Any CPU.Build.0 = Debug|Any CPU
		{A5D6077A-269A-43FA-97CC-81AB2FA323CF}.Release|Any CPU.ActiveCfg = Release|Any CPU
		{A5D6077A-269A-43FA-97CC-81AB2FA323CF}.Release|Any CPU.Build.0 = Release|Any CPU
	EndGlobalSection
	GlobalSection(SolutionProperties) = preSolution
		HideSolutionNode = FALSE
	EndGlobalSection
	GlobalSection(ExtensibilityGlobals) = postSolution
		SolutionGuid = {A66E70AB-E695-458F-BBBE-F5083D422483}
	EndGlobalSection
EndGlobal
